// !$*UTF8*$!
{
	archiveVersion = 1;
	classes = {
	};
	objectVersion = 50;
	objects = {

/* Begin PBXBuildFile section */
		1744AD18223B88DF00B7F806 /* AppDelegate.m in Sources */ = {isa = PBXBuildFile; fileRef = 1744AD17223B88DF00B7F806 /* AppDelegate.m */; };
		1744AD1B223B88DF00B7F806 /* ViewController.m in Sources */ = {isa = PBXBuildFile; fileRef = 1744AD1A223B88DF00B7F806 /* ViewController.m */; };
		1744AD20223B88E100B7F806 /* Assets.xcassets in Resources */ = {isa = PBXBuildFile; fileRef = 1744AD1F223B88E100B7F806 /* Assets.xcassets */; };
		1744AD23223B88E100B7F806 /* LaunchScreen.storyboard in Resources */ = {isa = PBXBuildFile; fileRef = 1744AD21223B88E100B7F806 /* LaunchScreen.storyboard */; };
		1744AD26223B88E100B7F806 /* main.m in Sources */ = {isa = PBXBuildFile; fileRef = 1744AD25223B88E100B7F806 /* main.m */; };
		1744AD38223B9A6200B7F806 /* SFRequest.m in Sources */ = {isa = PBXBuildFile; fileRef = 1744AD37223B9A6200B7F806 /* SFRequest.m */; };
		1744AD42223B9BCF00B7F806 /* SFResponse.m in Sources */ = {isa = PBXBuildFile; fileRef = 1744AD41223B9BCF00B7F806 /* SFResponse.m */; };
		1744AD4B223B9EF600B7F806 /* SFNetworkingEngine.m in Sources */ = {isa = PBXBuildFile; fileRef = 1744AD4A223B9EF600B7F806 /* SFNetworkingEngine.m */; };
		1744AD4E223B9F8C00B7F806 /* SFRequestTask.m in Sources */ = {isa = PBXBuildFile; fileRef = 1744AD4D223B9F8C00B7F806 /* SFRequestTask.m */; };
		1746E76B2240E12200126563 /* SFRequestSerializer.m in Sources */ = {isa = PBXBuildFile; fileRef = 1746E76A2240E12200126563 /* SFRequestSerializer.m */; };
		1746E76E2240E1C100126563 /* SFResponseSerializer.m in Sources */ = {isa = PBXBuildFile; fileRef = 1746E76D2240E1C100126563 /* SFResponseSerializer.m */; };
		1746E7712240E45600126563 /* SFRequestSesssion.m in Sources */ = {isa = PBXBuildFile; fileRef = 1746E7702240E45600126563 /* SFRequestSesssion.m */; };
		1746E7742240E62200126563 /* NSObject+SFNetworking.m in Sources */ = {isa = PBXBuildFile; fileRef = 1746E7732240E62200126563 /* NSObject+SFNetworking.m */; };
		1747BA142243888800E86BF2 /* SFRequestProcessController.m in Sources */ = {isa = PBXBuildFile; fileRef = 1747BA132243888800E86BF2 /* SFRequestProcessController.m */; };
		1747BA18224388D500E86BF2 /* SFRequestRecorder.m in Sources */ = {isa = PBXBuildFile; fileRef = 1747BA17224388D500E86BF2 /* SFRequestRecorder.m */; };
		1747BA1B22438B5900E86BF2 /* SFRequestError.m in Sources */ = {isa = PBXBuildFile; fileRef = 1747BA1A22438B5900E86BF2 /* SFRequestError.m */; };
		1752A1072272F3640093DC8C /* SFRequestAttributes.m in Sources */ = {isa = PBXBuildFile; fileRef = 1752A1062272F3640093DC8C /* SFRequestAttributes.m */; };
		17537A8C2241DCC80096BCD6 /* SFRequestGroup.m in Sources */ = {isa = PBXBuildFile; fileRef = 17537A8B2241DCC80096BCD6 /* SFRequestGroup.m */; };
		17537A902241DFBD0096BCD6 /* SFReactionHUD.m in Sources */ = {isa = PBXBuildFile; fileRef = 17537A8F2241DFBD0096BCD6 /* SFReactionHUD.m */; };
		175C2E5C224CAFD000CAC5DC /* SFRequestCache.m in Sources */ = {isa = PBXBuildFile; fileRef = 175C2E5B224CAFD000CAC5DC /* SFRequestCache.m */; };
		6330EDC870BF6DCE9486E6B4 /* libPods-SFNetworking.a in Frameworks */ = {isa = PBXBuildFile; fileRef = 7575BB303329EA3EDFC31A9C /* libPods-SFNetworking.a */; };
/* End PBXBuildFile section */

/* Begin PBXFileReference section */
		1744AD13223B88DF00B7F806 /* SFNetworking.app */ = {isa = PBXFileReference; explicitFileType = wrapper.application; includeInIndex = 0; path = SFNetworking.app; sourceTree = BUILT_PRODUCTS_DIR; };
		1744AD16223B88DF00B7F806 /* AppDelegate.h */ = {isa = PBXFileReference; lastKnownFileType = sourcecode.c.h; path = AppDelegate.h; sourceTree = "<group>"; };
		1744AD17223B88DF00B7F806 /* AppDelegate.m */ = {isa = PBXFileReference; lastKnownFileType = sourcecode.c.objc; path = AppDelegate.m; sourceTree = "<group>"; };
		1744AD19223B88DF00B7F806 /* ViewController.h */ = {isa = PBXFileReference; lastKnownFileType = sourcecode.c.h; path = ViewController.h; sourceTree = "<group>"; };
		1744AD1A223B88DF00B7F806 /* ViewController.m */ = {isa = PBXFileReference; lastKnownFileType = sourcecode.c.objc; path = ViewController.m; sourceTree = "<group>"; };
		1744AD1F223B88E100B7F806 /* Assets.xcassets */ = {isa = PBXFileReference; lastKnownFileType = folder.assetcatalog; path = Assets.xcassets; sourceTree = "<group>"; };
		1744AD22223B88E100B7F806 /* Base */ = {isa = PBXFileReference; lastKnownFileType = file.storyboard; name = Base; path = Base.lproj/LaunchScreen.storyboard; sourceTree = "<group>"; };
		1744AD24223B88E100B7F806 /* Info.plist */ = {isa = PBXFileReference; lastKnownFileType = text.plist.xml; path = Info.plist; sourceTree = "<group>"; };
		1744AD25223B88E100B7F806 /* main.m */ = {isa = PBXFileReference; lastKnownFileType = sourcecode.c.objc; path = main.m; sourceTree = "<group>"; };
		1744AD36223B9A6200B7F806 /* SFRequest.h */ = {isa = PBXFileReference; lastKnownFileType = sourcecode.c.h; path = SFRequest.h; sourceTree = "<group>"; };
		1744AD37223B9A6200B7F806 /* SFRequest.m */ = {isa = PBXFileReference; lastKnownFileType = sourcecode.c.objc; path = SFRequest.m; sourceTree = "<group>"; };
		1744AD40223B9BCF00B7F806 /* SFResponse.h */ = {isa = PBXFileReference; lastKnownFileType = sourcecode.c.h; path = SFResponse.h; sourceTree = "<group>"; };
		1744AD41223B9BCF00B7F806 /* SFResponse.m */ = {isa = PBXFileReference; lastKnownFileType = sourcecode.c.objc; path = SFResponse.m; sourceTree = "<group>"; };
		1744AD49223B9EF600B7F806 /* SFNetworkingEngine.h */ = {isa = PBXFileReference; lastKnownFileType = sourcecode.c.h; path = SFNetworkingEngine.h; sourceTree = "<group>"; };
		1744AD4A223B9EF600B7F806 /* SFNetworkingEngine.m */ = {isa = PBXFileReference; lastKnownFileType = sourcecode.c.objc; path = SFNetworkingEngine.m; sourceTree = "<group>"; };
		1744AD4C223B9F8C00B7F806 /* SFRequestTask.h */ = {isa = PBXFileReference; lastKnownFileType = sourcecode.c.h; path = SFRequestTask.h; sourceTree = "<group>"; };
		1744AD4D223B9F8C00B7F806 /* SFRequestTask.m */ = {isa = PBXFileReference; lastKnownFileType = sourcecode.c.objc; path = SFRequestTask.m; sourceTree = "<group>"; };
		1746E7692240E12200126563 /* SFRequestSerializer.h */ = {isa = PBXFileReference; lastKnownFileType = sourcecode.c.h; path = SFRequestSerializer.h; sourceTree = "<group>"; };
		1746E76A2240E12200126563 /* SFRequestSerializer.m */ = {isa = PBXFileReference; lastKnownFileType = sourcecode.c.objc; path = SFRequestSerializer.m; sourceTree = "<group>"; };
		1746E76C2240E1C100126563 /* SFResponseSerializer.h */ = {isa = PBXFileReference; lastKnownFileType = sourcecode.c.h; path = SFResponseSerializer.h; sourceTree = "<group>"; };
		1746E76D2240E1C100126563 /* SFResponseSerializer.m */ = {isa = PBXFileReference; lastKnownFileType = sourcecode.c.objc; path = SFResponseSerializer.m; sourceTree = "<group>"; };
		1746E76F2240E45600126563 /* SFRequestSesssion.h */ = {isa = PBXFileReference; lastKnownFileType = sourcecode.c.h; path = SFRequestSesssion.h; sourceTree = "<group>"; };
		1746E7702240E45600126563 /* SFRequestSesssion.m */ = {isa = PBXFileReference; lastKnownFileType = sourcecode.c.objc; path = SFRequestSesssion.m; sourceTree = "<group>"; };
		1746E7722240E62200126563 /* NSObject+SFNetworking.h */ = {isa = PBXFileReference; lastKnownFileType = sourcecode.c.h; path = "NSObject+SFNetworking.h"; sourceTree = "<group>"; };
		1746E7732240E62200126563 /* NSObject+SFNetworking.m */ = {isa = PBXFileReference; lastKnownFileType = sourcecode.c.objc; path = "NSObject+SFNetworking.m"; sourceTree = "<group>"; };
		1747B454224340FB00E86BF2 /* SFNetworking copy-Info.plist */ = {isa = PBXFileReference; lastKnownFileType = text.plist.xml; name = "SFNetworking copy-Info.plist"; path = "/Users/mac/Desktop/SFNetworking/SFNetworking copy-Info.plist"; sourceTree = "<absolute>"; };
		1747BA122243888800E86BF2 /* SFRequestProcessController.h */ = {isa = PBXFileReference; lastKnownFileType = sourcecode.c.h; path = SFRequestProcessController.h; sourceTree = "<group>"; };
		1747BA132243888800E86BF2 /* SFRequestProcessController.m */ = {isa = PBXFileReference; lastKnownFileType = sourcecode.c.objc; path = SFRequestProcessController.m; sourceTree = "<group>"; };
		1747BA16224388D500E86BF2 /* SFRequestRecorder.h */ = {isa = PBXFileReference; lastKnownFileType = sourcecode.c.h; path = SFRequestRecorder.h; sourceTree = "<group>"; };
		1747BA17224388D500E86BF2 /* SFRequestRecorder.m */ = {isa = PBXFileReference; lastKnownFileType = sourcecode.c.objc; path = SFRequestRecorder.m; sourceTree = "<group>"; };
		1747BA1922438B5900E86BF2 /* SFRequestError.h */ = {isa = PBXFileReference; lastKnownFileType = sourcecode.c.h; path = SFRequestError.h; sourceTree = "<group>"; };
		1747BA1A22438B5900E86BF2 /* SFRequestError.m */ = {isa = PBXFileReference; lastKnownFileType = sourcecode.c.objc; path = SFRequestError.m; sourceTree = "<group>"; };
		1752A1052272F3640093DC8C /* SFRequestAttributes.h */ = {isa = PBXFileReference; fileEncoding = 4; lastKnownFileType = sourcecode.c.h; path = SFRequestAttributes.h; sourceTree = "<group>"; };
		1752A1062272F3640093DC8C /* SFRequestAttributes.m */ = {isa = PBXFileReference; fileEncoding = 4; lastKnownFileType = sourcecode.c.objc; path = SFRequestAttributes.m; sourceTree = "<group>"; };
		17537A8A2241DCC80096BCD6 /* SFRequestGroup.h */ = {isa = PBXFileReference; lastKnownFileType = sourcecode.c.h; path = SFRequestGroup.h; sourceTree = "<group>"; };
		17537A8B2241DCC80096BCD6 /* SFRequestGroup.m */ = {isa = PBXFileReference; lastKnownFileType = sourcecode.c.objc; path = SFRequestGroup.m; sourceTree = "<group>"; };
		17537A8D2241DF8C0096BCD6 /* SFRequestReactionProtocol.h */ = {isa = PBXFileReference; lastKnownFileType = sourcecode.c.h; path = SFRequestReactionProtocol.h; sourceTree = "<group>"; };
		17537A8E2241DFBD0096BCD6 /* SFReactionHUD.h */ = {isa = PBXFileReference; lastKnownFileType = sourcecode.c.h; path = SFReactionHUD.h; sourceTree = "<group>"; };
		17537A8F2241DFBD0096BCD6 /* SFReactionHUD.m */ = {isa = PBXFileReference; lastKnownFileType = sourcecode.c.objc; path = SFReactionHUD.m; sourceTree = "<group>"; };
		1754BCEE224728E500CF6F0D /* SFRequestProcessContollerProtocol.h */ = {isa = PBXFileReference; lastKnownFileType = sourcecode.c.h; path = SFRequestProcessContollerProtocol.h; sourceTree = "<group>"; };
		1754BCEF22472A0A00CF6F0D /* SFRequestRecorderProtocol.h */ = {isa = PBXFileReference; lastKnownFileType = sourcecode.c.h; path = SFRequestRecorderProtocol.h; sourceTree = "<group>"; };
		175C2E5A224CAFD000CAC5DC /* SFRequestCache.h */ = {isa = PBXFileReference; lastKnownFileType = sourcecode.c.h; path = SFRequestCache.h; sourceTree = "<group>"; };
		175C2E5B224CAFD000CAC5DC /* SFRequestCache.m */ = {isa = PBXFileReference; lastKnownFileType = sourcecode.c.objc; path = SFRequestCache.m; sourceTree = "<group>"; };
		4748D0DC18A73B25639D5174 /* Pods-SFNetworking.debug.xcconfig */ = {isa = PBXFileReference; includeInIndex = 1; lastKnownFileType = text.xcconfig; name = "Pods-SFNetworking.debug.xcconfig"; path = "Pods/Target Support Files/Pods-SFNetworking/Pods-SFNetworking.debug.xcconfig"; sourceTree = "<group>"; };
		7575BB303329EA3EDFC31A9C /* libPods-SFNetworking.a */ = {isa = PBXFileReference; explicitFileType = archive.ar; includeInIndex = 0; path = "libPods-SFNetworking.a"; sourceTree = BUILT_PRODUCTS_DIR; };
		CD53C5ED710F1DE08800E8B3 /* Pods-SFNetworking.release.xcconfig */ = {isa = PBXFileReference; includeInIndex = 1; lastKnownFileType = text.xcconfig; name = "Pods-SFNetworking.release.xcconfig"; path = "Pods/Target Support Files/Pods-SFNetworking/Pods-SFNetworking.release.xcconfig"; sourceTree = "<group>"; };
/* End PBXFileReference section */

/* Begin PBXFrameworksBuildPhase section */
		1744AD10223B88DF00B7F806 /* Frameworks */ = {
			isa = PBXFrameworksBuildPhase;
			buildActionMask = 2147483647;
			files = (
				6330EDC870BF6DCE9486E6B4 /* libPods-SFNetworking.a in Frameworks */,
			);
			runOnlyForDeploymentPostprocessing = 0;
		};
/* End PBXFrameworksBuildPhase section */

/* Begin PBXGroup section */
		1744AD0A223B88DF00B7F806 = {
			isa = PBXGroup;
			children = (
				1744AD15223B88DF00B7F806 /* SFNetworking */,
				1744AD14223B88DF00B7F806 /* Products */,
				1747B454224340FB00E86BF2 /* SFNetworking copy-Info.plist */,
				217D50A595634B715B01A51F /* Pods */,
				9CF28CCD046E29B338C2FF36 /* Frameworks */,
			);
			sourceTree = "<group>";
		};
		1744AD14223B88DF00B7F806 /* Products */ = {
			isa = PBXGroup;
			children = (
				1744AD13223B88DF00B7F806 /* SFNetworking.app */,
			);
			name = Products;
			sourceTree = "<group>";
		};
		1744AD15223B88DF00B7F806 /* SFNetworking */ = {
			isa = PBXGroup;
			children = (
				1744AD2C223B91FA00B7F806 /* Class */,
				1744AD16223B88DF00B7F806 /* AppDelegate.h */,
				1744AD17223B88DF00B7F806 /* AppDelegate.m */,
				1744AD19223B88DF00B7F806 /* ViewController.h */,
				1744AD1A223B88DF00B7F806 /* ViewController.m */,
				1744AD1F223B88E100B7F806 /* Assets.xcassets */,
				1744AD21223B88E100B7F806 /* LaunchScreen.storyboard */,
				1744AD24223B88E100B7F806 /* Info.plist */,
				1744AD25223B88E100B7F806 /* main.m */,
			);
			path = SFNetworking;
			sourceTree = "<group>";
		};
		1744AD2C223B91FA00B7F806 /* Class */ = {
			isa = PBXGroup;
			children = (
				175C2E59224C982D00CAC5DC /* Request */,
				175C2E58224C96A600CAC5DC /* Serializer */,
				1746322C22465EEA00999957 /* Reaction */,
				1747BA152243888D00E86BF2 /* Engine */,
				1746E76F2240E45600126563 /* SFRequestSesssion.h */,
				1746E7702240E45600126563 /* SFRequestSesssion.m */,
				1746E7722240E62200126563 /* NSObject+SFNetworking.h */,
				1746E7732240E62200126563 /* NSObject+SFNetworking.m */,
			);
			path = Class;
			sourceTree = "<group>";
		};
		1746322C22465EEA00999957 /* Reaction */ = {
			isa = PBXGroup;
			children = (
				17537A8E2241DFBD0096BCD6 /* SFReactionHUD.h */,
				17537A8F2241DFBD0096BCD6 /* SFReactionHUD.m */,
				17537A8D2241DF8C0096BCD6 /* SFRequestReactionProtocol.h */,
			);
			path = Reaction;
			sourceTree = "<group>";
		};
		1747BA152243888D00E86BF2 /* Engine */ = {
			isa = PBXGroup;
			children = (
				1754BCEE224728E500CF6F0D /* SFRequestProcessContollerProtocol.h */,
				1754BCEF22472A0A00CF6F0D /* SFRequestRecorderProtocol.h */,
				1747BA122243888800E86BF2 /* SFRequestProcessController.h */,
				1747BA132243888800E86BF2 /* SFRequestProcessController.m */,
				1747BA16224388D500E86BF2 /* SFRequestRecorder.h */,
				1747BA17224388D500E86BF2 /* SFRequestRecorder.m */,
				1744AD49223B9EF600B7F806 /* SFNetworkingEngine.h */,
				1744AD4A223B9EF600B7F806 /* SFNetworkingEngine.m */,
				175C2E5A224CAFD000CAC5DC /* SFRequestCache.h */,
				175C2E5B224CAFD000CAC5DC /* SFRequestCache.m */,
			);
			path = Engine;
			sourceTree = "<group>";
		};
		175C2E58224C96A600CAC5DC /* Serializer */ = {
			isa = PBXGroup;
			children = (
				1746E7692240E12200126563 /* SFRequestSerializer.h */,
				1746E76A2240E12200126563 /* SFRequestSerializer.m */,
				1746E76C2240E1C100126563 /* SFResponseSerializer.h */,
				1746E76D2240E1C100126563 /* SFResponseSerializer.m */,
			);
			path = Serializer;
			sourceTree = "<group>";
		};
		175C2E59224C982D00CAC5DC /* Request */ = {
			isa = PBXGroup;
			children = (
				1744AD36223B9A6200B7F806 /* SFRequest.h */,
				1744AD37223B9A6200B7F806 /* SFRequest.m */,
				1752A1052272F3640093DC8C /* SFRequestAttributes.h */,
				1752A1062272F3640093DC8C /* SFRequestAttributes.m */,
				1747BA1922438B5900E86BF2 /* SFRequestError.h */,
				1747BA1A22438B5900E86BF2 /* SFRequestError.m */,
				17537A8A2241DCC80096BCD6 /* SFRequestGroup.h */,
				17537A8B2241DCC80096BCD6 /* SFRequestGroup.m */,
				1744AD4C223B9F8C00B7F806 /* SFRequestTask.h */,
				1744AD4D223B9F8C00B7F806 /* SFRequestTask.m */,
				1744AD40223B9BCF00B7F806 /* SFResponse.h */,
				1744AD41223B9BCF00B7F806 /* SFResponse.m */,
			);
			path = Request;
			sourceTree = "<group>";
		};
		217D50A595634B715B01A51F /* Pods */ = {
			isa = PBXGroup;
			children = (
				4748D0DC18A73B25639D5174 /* Pods-SFNetworking.debug.xcconfig */,
				CD53C5ED710F1DE08800E8B3 /* Pods-SFNetworking.release.xcconfig */,
			);
			name = Pods;
			sourceTree = "<group>";
		};
		9CF28CCD046E29B338C2FF36 /* Frameworks */ = {
			isa = PBXGroup;
			children = (
				7575BB303329EA3EDFC31A9C /* libPods-SFNetworking.a */,
			);
			name = Frameworks;
			sourceTree = "<group>";
		};
/* End PBXGroup section */

/* Begin PBXNativeTarget section */
		1744AD12223B88DF00B7F806 /* SFNetworking */ = {
			isa = PBXNativeTarget;
			buildConfigurationList = 1744AD29223B88E100B7F806 /* Build configuration list for PBXNativeTarget "SFNetworking" */;
			buildPhases = (
				7FABF72448FD90742284D9B5 /* [CP] Check Pods Manifest.lock */,
				1744AD0F223B88DF00B7F806 /* Sources */,
				1744AD10223B88DF00B7F806 /* Frameworks */,
				1744AD11223B88DF00B7F806 /* Resources */,
			);
			buildRules = (
			);
			dependencies = (
			);
			name = SFNetworking;
			productName = SFNetworking;
			productReference = 1744AD13223B88DF00B7F806 /* SFNetworking.app */;
			productType = "com.apple.product-type.application";
		};
/* End PBXNativeTarget section */

/* Begin PBXProject section */
		1744AD0B223B88DF00B7F806 /* Project object */ = {
			isa = PBXProject;
			attributes = {
				LastUpgradeCheck = 1010;
				ORGANIZATIONNAME = YunSL;
				TargetAttributes = {
					1744AD12223B88DF00B7F806 = {
						CreatedOnToolsVersion = 10.1;
					};
				};
			};
			buildConfigurationList = 1744AD0E223B88DF00B7F806 /* Build configuration list for PBXProject "SFNetworking" */;
			compatibilityVersion = "Xcode 9.3";
			developmentRegion = en;
			hasScannedForEncodings = 0;
			knownRegions = (
				en,
				Base,
			);
			mainGroup = 1744AD0A223B88DF00B7F806;
			productRefGroup = 1744AD14223B88DF00B7F806 /* Products */;
			projectDirPath = "";
			projectRoot = "";
			targets = (
				1744AD12223B88DF00B7F806 /* SFNetworking */,
			);
		};
/* End PBXProject section */

/* Begin PBXResourcesBuildPhase section */
		1744AD11223B88DF00B7F806 /* Resources */ = {
			isa = PBXResourcesBuildPhase;
			buildActionMask = 2147483647;
			files = (
				1744AD23223B88E100B7F806 /* LaunchScreen.storyboard in Resources */,
				1744AD20223B88E100B7F806 /* Assets.xcassets in Resources */,
			);
			runOnlyForDeploymentPostprocessing = 0;
		};
/* End PBXResourcesBuildPhase section */

/* Begin PBXShellScriptBuildPhase section */
		7FABF72448FD90742284D9B5 /* [CP] Check Pods Manifest.lock */ = {
			isa = PBXShellScriptBuildPhase;
			buildActionMask = 2147483647;
			files = (
			);
			inputPaths = (
				"${PODS_PODFILE_DIR_PATH}/Podfile.lock",
				"${PODS_ROOT}/Manifest.lock",
			);
			name = "[CP] Check Pods Manifest.lock";
			outputPaths = (
				"$(DERIVED_FILE_DIR)/Pods-SFNetworking-checkManifestLockResult.txt",
			);
			runOnlyForDeploymentPostprocessing = 0;
			shellPath = /bin/sh;
			shellScript = "diff \"${PODS_PODFILE_DIR_PATH}/Podfile.lock\" \"${PODS_ROOT}/Manifest.lock\" > /dev/null\nif [ $? != 0 ] ; then\n    # print error to STDERR\n    echo \"error: The sandbox is not in sync with the Podfile.lock. Run 'pod install' or update your CocoaPods installation.\" >&2\n    exit 1\nfi\n# This output is used by Xcode 'outputs' to avoid re-running this script phase.\necho \"SUCCESS\" > \"${SCRIPT_OUTPUT_FILE_0}\"\n";
			showEnvVarsInLog = 0;
		};
/* End PBXShellScriptBuildPhase section */

/* Begin PBXSourcesBuildPhase section */
		1744AD0F223B88DF00B7F806 /* Sources */ = {
			isa = PBXSourcesBuildPhase;
			buildActionMask = 2147483647;
			files = (
				1746E76B2240E12200126563 /* SFRequestSerializer.m in Sources */,
				1744AD1B223B88DF00B7F806 /* ViewController.m in Sources */,
				1744AD4E223B9F8C00B7F806 /* SFRequestTask.m in Sources */,
				1752A1072272F3640093DC8C /* SFRequestAttributes.m in Sources */,
				1744AD26223B88E100B7F806 /* main.m in Sources */,
				1744AD18223B88DF00B7F806 /* AppDelegate.m in Sources */,
				17537A902241DFBD0096BCD6 /* SFReactionHUD.m in Sources */,
				1747BA142243888800E86BF2 /* SFRequestProcessController.m in Sources */,
				1747BA1B22438B5900E86BF2 /* SFRequestError.m in Sources */,
				1747BA18224388D500E86BF2 /* SFRequestRecorder.m in Sources */,
				175C2E5C224CAFD000CAC5DC /* SFRequestCache.m in Sources */,
				1744AD4B223B9EF600B7F806 /* SFNetworkingEngine.m in Sources */,
				1746E7712240E45600126563 /* SFRequestSesssion.m in Sources */,
				17537A8C2241DCC80096BCD6 /* SFRequestGroup.m in Sources */,
				1744AD38223B9A6200B7F806 /* SFRequest.m in Sources */,
				1746E7742240E62200126563 /* NSObject+SFNetworking.m in Sources */,
				1744AD42223B9BCF00B7F806 /* SFResponse.m in Sources */,
				1746E76E2240E1C100126563 /* SFResponseSerializer.m in Sources */,
			);
			runOnlyForDeploymentPostprocessing = 0;
		};
/* End PBXSourcesBuildPhase section */

/* Begin PBXVariantGroup section */
		1744AD21223B88E100B7F806 /* LaunchScreen.storyboard */ = {
			isa = PBXVariantGroup;
			children = (
				1744AD22223B88E100B7F806 /* Base */,
			);
			name = LaunchScreen.storyboard;
			sourceTree = "<group>";
		};
/* End PBXVariantGroup section */

/* Begin XCBuildConfiguration section */
		1744AD27223B88E100B7F806 /* Debug */ = {
			isa = XCBuildConfiguration;
			buildSettings = {
				ALWAYS_SEARCH_USER_PATHS = NO;
				CLANG_ANALYZER_NONNULL = YES;
				CLANG_ANALYZER_NUMBER_OBJECT_CONVERSION = YES_AGGRESSIVE;
				CLANG_CXX_LANGUAGE_STANDARD = "gnu++14";
				CLANG_CXX_LIBRARY = "libc++";
				CLANG_ENABLE_MODULES = YES;
				CLANG_ENABLE_OBJC_ARC = YES;
				CLANG_ENABLE_OBJC_WEAK = YES;
				CLANG_WARN_BLOCK_CAPTURE_AUTORELEASING = YES;
				CLANG_WARN_BOOL_CONVERSION = YES;
				CLANG_WARN_COMMA = YES;
				CLANG_WARN_CONSTANT_CONVERSION = YES;
				CLANG_WARN_DEPRECATED_OBJC_IMPLEMENTATIONS = YES;
				CLANG_WARN_DIRECT_OBJC_ISA_USAGE = YES_ERROR;
				CLANG_WARN_DOCUMENTATION_COMMENTS = YES;
				CLANG_WARN_EMPTY_BODY = YES;
				CLANG_WARN_ENUM_CONVERSION = YES;
				CLANG_WARN_INFINITE_RECURSION = YES;
				CLANG_WARN_INT_CONVERSION = YES;
				CLANG_WARN_NON_LITERAL_NULL_CONVERSION = YES;
				CLANG_WARN_OBJC_IMPLICIT_RETAIN_SELF = YES;
				CLANG_WARN_OBJC_LITERAL_CONVERSION = YES;
				CLANG_WARN_OBJC_ROOT_CLASS = YES_ERROR;
				CLANG_WARN_RANGE_LOOP_ANALYSIS = YES;
				CLANG_WARN_STRICT_PROTOTYPES = YES;
				CLANG_WARN_SUSPICIOUS_MOVE = YES;
				CLANG_WARN_UNGUARDED_AVAILABILITY = YES_AGGRESSIVE;
				CLANG_WARN_UNREACHABLE_CODE = YES;
				CLANG_WARN__DUPLICATE_METHOD_MATCH = YES;
				CODE_SIGN_IDENTITY = "iPhone Developer";
				COPY_PHASE_STRIP = NO;
				DEBUG_INFORMATION_FORMAT = dwarf;
				ENABLE_STRICT_OBJC_MSGSEND = YES;
				ENABLE_TESTABILITY = YES;
				GCC_C_LANGUAGE_STANDARD = gnu11;
				GCC_DYNAMIC_NO_PIC = NO;
				GCC_NO_COMMON_BLOCKS = YES;
				GCC_OPTIMIZATION_LEVEL = 0;
				GCC_PREPROCESSOR_DEFINITIONS = (
					"DEBUG=1",
					"$(inherited)",
				);
				GCC_WARN_64_TO_32_BIT_CONVERSION = YES;
				GCC_WARN_ABOUT_RETURN_TYPE = YES_ERROR;
				GCC_WARN_UNDECLARED_SELECTOR = YES;
				GCC_WARN_UNINITIALIZED_AUTOS = YES_AGGRESSIVE;
				GCC_WARN_UNUSED_FUNCTION = YES;
				GCC_WARN_UNUSED_VARIABLE = YES;
				IPHONEOS_DEPLOYMENT_TARGET = 12.1;
				MTL_ENABLE_DEBUG_INFO = INCLUDE_SOURCE;
				MTL_FAST_MATH = YES;
				ONLY_ACTIVE_ARCH = YES;
				SDKROOT = iphoneos;
			};
			name = Debug;
		};
		1744AD28223B88E100B7F806 /* Release */ = {
			isa = XCBuildConfiguration;
			buildSettings = {
				ALWAYS_SEARCH_USER_PATHS = NO;
				CLANG_ANALYZER_NONNULL = YES;
				CLANG_ANALYZER_NUMBER_OBJECT_CONVERSION = YES_AGGRESSIVE;
				CLANG_CXX_LANGUAGE_STANDARD = "gnu++14";
				CLANG_CXX_LIBRARY = "libc++";
				CLANG_ENABLE_MODULES = YES;
				CLANG_ENABLE_OBJC_ARC = YES;
				CLANG_ENABLE_OBJC_WEAK = YES;
				CLANG_WARN_BLOCK_CAPTURE_AUTORELEASING = YES;
				CLANG_WARN_BOOL_CONVERSION = YES;
				CLANG_WARN_COMMA = YES;
				CLANG_WARN_CONSTANT_CONVERSION = YES;
				CLANG_WARN_DEPRECATED_OBJC_IMPLEMENTATIONS = YES;
				CLANG_WARN_DIRECT_OBJC_ISA_USAGE = YES_ERROR;
				CLANG_WARN_DOCUMENTATION_COMMENTS = YES;
				CLANG_WARN_EMPTY_BODY = YES;
				CLANG_WARN_ENUM_CONVERSION = YES;
				CLANG_WARN_INFINITE_RECURSION = YES;
				CLANG_WARN_INT_CONVERSION = YES;
				CLANG_WARN_NON_LITERAL_NULL_CONVERSION = YES;
				CLANG_WARN_OBJC_IMPLICIT_RETAIN_SELF = YES;
				CLANG_WARN_OBJC_LITERAL_CONVERSION = YES;
				CLANG_WARN_OBJC_ROOT_CLASS = YES_ERROR;
				CLANG_WARN_RANGE_LOOP_ANALYSIS = YES;
				CLANG_WARN_STRICT_PROTOTYPES = YES;
				CLANG_WARN_SUSPICIOUS_MOVE = YES;
				CLANG_WARN_UNGUARDED_AVAILABILITY = YES_AGGRESSIVE;
				CLANG_WARN_UNREACHABLE_CODE = YES;
				CLANG_WARN__DUPLICATE_METHOD_MATCH = YES;
				CODE_SIGN_IDENTITY = "iPhone Developer";
				COPY_PHASE_STRIP = NO;
				DEBUG_INFORMATION_FORMAT = "dwarf-with-dsym";
				ENABLE_NS_ASSERTIONS = NO;
				ENABLE_STRICT_OBJC_MSGSEND = YES;
				GCC_C_LANGUAGE_STANDARD = gnu11;
				GCC_NO_COMMON_BLOCKS = YES;
				GCC_WARN_64_TO_32_BIT_CONVERSION = YES;
				GCC_WARN_ABOUT_RETURN_TYPE = YES_ERROR;
				GCC_WARN_UNDECLARED_SELECTOR = YES;
				GCC_WARN_UNINITIALIZED_AUTOS = YES_AGGRESSIVE;
				GCC_WARN_UNUSED_FUNCTION = YES;
				GCC_WARN_UNUSED_VARIABLE = YES;
				IPHONEOS_DEPLOYMENT_TARGET = 12.1;
				MTL_ENABLE_DEBUG_INFO = NO;
				MTL_FAST_MATH = YES;
				SDKROOT = iphoneos;
				VALIDATE_PRODUCT = YES;
			};
			name = Release;
		};
		1744AD2A223B88E100B7F806 /* Debug */ = {
			isa = XCBuildConfiguration;
			baseConfigurationReference = 4748D0DC18A73B25639D5174 /* Pods-SFNetworking.debug.xcconfig */;
			buildSettings = {
				ASSETCATALOG_COMPILER_APPICON_NAME = AppIcon;
				CODE_SIGN_STYLE = Automatic;
				DEVELOPMENT_TEAM = X3W6EMW6YK;
				INFOPLIST_FILE = SFNetworking/Info.plist;
				IPHONEOS_DEPLOYMENT_TARGET = 8.1;
				LD_RUNPATH_SEARCH_PATHS = (
					"$(inherited)",
					"@executable_path/Frameworks",
				);
				PRODUCT_BUNDLE_IDENTIFIER = com.YunSL.SFNetworking;
				PRODUCT_NAME = "$(TARGET_NAME)";
				TARGETED_DEVICE_FAMILY = "1,2";
			};
			name = Debug;
		};
		1744AD2B223B88E100B7F806 /* Release */ = {
			isa = XCBuildConfiguration;
			baseConfigurationReference = CD53C5ED710F1DE08800E8B3 /* Pods-SFNetworking.release.xcconfig */;
			buildSettings = {
				ASSETCATALOG_COMPILER_APPICON_NAME = AppIcon;
				CODE_SIGN_STYLE = Automatic;
				DEVELOPMENT_TEAM = X3W6EMW6YK;
				INFOPLIST_FILE = SFNetworking/Info.plist;
				IPHONEOS_DEPLOYMENT_TARGET = 8.1;
				LD_RUNPATH_SEARCH_PATHS = (
					"$(inherited)",
					"@executable_path/Frameworks",
				);
				PRODUCT_BUNDLE_IDENTIFIER = com.YunSL.SFNetworking;
				PRODUCT_NAME = "$(TARGET_NAME)";
				TARGETED_DEVICE_FAMILY = "1,2";
			};
			name = Release;
		};
/* End XCBuildConfiguration section */

/* Begin XCConfigurationList section */
		1744AD0E223B88DF00B7F806 /* Build configuration list for PBXProject "SFNetworking" */ = {
			isa = XCConfigurationList;
			buildConfigurations = (
				1744AD27223B88E100B7F806 /* Debug */,
				1744AD28223B88E100B7F806 /* Release */,
			);
			defaultConfigurationIsVisible = 0;
			defaultConfigurationName = Release;
		};
		1744AD29223B88E100B7F806 /* Build configuration list for PBXNativeTarget "SFNetworking" */ = {
			isa = XCConfigurationList;
			buildConfigurations = (
				1744AD2A223B88E100B7F806 /* Debug */,
				1744AD2B223B88E100B7F806 /* Release */,
			);
			defaultConfigurationIsVisible = 0;
			defaultConfigurationName = Release;
		};
/* End XCConfigurationList section */
	};
	rootObject = 1744AD0B223B88DF00B7F806 /* Project object */;
}
